<?xml version="1.0" encoding="utf-8"?>
<Project ToolsVersion="4.0" xmlns="http://schemas.microsoft.com/developer/msbuild/2003">
  <ItemGroup>
    <Filter Include="Source Files">
      <UniqueIdentifier>{4FC737F1-C7A5-4376-A066-2A32D752A2FF}</UniqueIdentifier>
      <Extensions>cpp;c;cc;cxx;def;odl;idl;hpj;bat;asm;asmx</Extensions>
    </Filter>
    <Filter Include="Header Files">
      <UniqueIdentifier>{93995380-89BD-4b04-88EB-625FBE52EBFB}</UniqueIdentifier>
      <Extensions>h;hh;hpp;hxx;hm;inl;inc;xsd</Extensions>
    </Filter>
    <Filter Include="Resource Files">
      <UniqueIdentifier>{67DA6AB6-F800-4c08-8B7A-83BB121AAD01}</UniqueIdentifier>
      <Extensions>rc;ico;cur;bmp;dlg;rc2;rct;bin;rgs;gif;jpg;jpeg;jpe;resx;tiff;tif;png;wav;mfcribbon-ms</Extensions>
    </Filter>
  </ItemGroup>
  <ItemGroup>
    <ClCompile Include="..\game\background.cpp">
      <Filter>Source Files</Filter>
    </ClCompile>
    <ClCompile Include="..\game\camera.cpp">
      <Filter>Source Files</Filter>
    </ClCompile>
    <ClCompile Include="..\game\collideBox.cpp">
      <Filter>Source Files</Filter>
    </ClCompile>
    <ClCompile Include="..\game\collision.cpp">
      <Filter>Source Files</Filter>
    </ClCompile>
    <ClCompile Include="..\game\display.cpp">
      <Filter>Source Files</Filter>
    </ClCompile>
    <ClCompile Include="..\game\enemy.cpp">
      <Filter>Source Files</Filter>
    </ClCompile>
    <ClCompile Include="..\game\entity.cpp">
      <Filter>Source Files</Filter>
    </ClCompile>
    <ClCompile Include="..\game\game.cpp">
      <Filter>Source Files</Filter>
    </ClCompile>
    <ClCompile Include="..\game\hud.cpp">
      <Filter>Source Files</Filter>
    </ClCompile>
    <ClCompile Include="..\game\input.cpp">
      <Filter>Source Files</Filter>
    </ClCompile>
    <ClCompile Include="..\game\main.cpp">
      <Filter>Source Files</Filter>
    </ClCompile>
    <ClCompile Include="..\game\movement.cpp">
      <Filter>Source Files</Filter>
    </ClCompile>
    <ClCompile Include="..\game\player.cpp">
      <Filter>Source Files</Filter>
    </ClCompile>
    <ClCompile Include="..\game\textTexture.cpp">
      <Filter>Source Files</Filter>
    </ClCompile>
    <ClCompile Include="..\game\texture.cpp">
      <Filter>Source Files</Filter>
    </ClCompile>
    <ClCompile Include="..\game\tile.cpp">
      <Filter>Source Files</Filter>
    </ClCompile>
    <ClCompile Include="..\game\world.cpp">
      <Filter>Source Files</Filter>
    </ClCompile>
    <ClCompile Include="..\game\queue.cpp">
      <Filter>Source Files</Filter>
    </ClCompile>
    <ClCompile Include="..\game\brush.cpp">
      <Filter>Source Files</Filter>
    </ClCompile>
  </ItemGroup>
  <ItemGroup>
    <ClInclude Include="..\game\background.h">
      <Filter>Header Files</Filter>
    </ClInclude>
    <ClInclude Include="..\game\camera.h">
      <Filter>Header Files</Filter>
    </ClInclude>
    <ClInclude Include="..\game\collideBox.h">
      <Filter>Header Files</Filter>
    </ClInclude>
    <ClInclude Include="..\game\collision.h">
      <Filter>Header Files</Filter>
    </ClInclude>
    <ClInclude Include="..\game\display.h">
      <Filter>Header Files</Filter>
    </ClInclude>
    <ClInclude Include="..\game\enemy.h">
      <Filter>Header Files</Filter>
    </ClInclude>
    <ClInclude Include="..\game\entity.h">
      <Filter>Header Files</Filter>
    </ClInclude>
    <ClInclude Include="..\game\game.h">
      <Filter>Header Files</Filter>
    </ClInclude>
    <ClInclude Include="..\game\hud.h">
      <Filter>Header Files</Filter>
    </ClInclude>
    <ClInclude Include="..\game\input.h">
      <Filter>Header Files</Filter>
    </ClInclude>
    <ClInclude Include="..\game\movement.h">
      <Filter>Header Files</Filter>
    </ClInclude>
    <ClInclude Include="..\game\player.h">
      <Filter>Header Files</Filter>
    </ClInclude>
    <ClInclude Include="..\game\textTexture.h">
      <Filter>Header Files</Filter>
    </ClInclude>
    <ClInclude Include="..\game\texture.h">
      <Filter>Header Files</Filter>
    </ClInclude>
    <ClInclude Include="..\game\tile.h">
      <Filter>Header Files</Filter>
    </ClInclude>
    <ClInclude Include="..\game\world.h">
      <Filter>Header Files</Filter>
    </ClInclude>
    <ClInclude Include="..\game\queue.h">
      <Filter>Header Files</Filter>
    </ClInclude>
    <ClInclude Include="..\game\brush.h">
      <Filter>Header Files</Filter>
    </ClInclude>
  </ItemGroup>
</Project>